
Microsoft Visual Studio Solution File, Format Version 12.00
# Visual Studio Version 17
VisualStudioVersion = 17.3.32901.215
MinimumVisualStudioVersion = 10.0.40219.1
Project("{FAE04EC0-301F-11D3-BF4B-00C04F79EFBC}") = "AI_LAB05", "AI_LAB05\AI_LAB05.csproj", "{07F3B08A-C461-43B8-BB56-A334AAB8CF6A}"
EndProject
Global
	GlobalSection(SolutionConfigurationPlatforms) = preSolution
		Debug|Any CPU = Debug|Any CPU
		Release|Any CPU = Release|Any CPU
	EndGlobalSection
	GlobalSection(ProjectConfigurationPlatforms) = postSolution
		{07F3B08A-C461-43B8-BB56-A334AAB8CF6A}.Debug|Any CPU.ActiveCfg = Debug|Any CPU
		{07F3B08A-C461-43B8-BB56-A334AAB8CF6A}.Debug|Any CPU.Build.0 = Debug|Any CPU
		{07F3B08A-C461-43B8-BB56-A334AAB8CF6A}.Release|Any CPU.ActiveCfg = Release|Any CPU
		{07F3B08A-C461-43B8-BB56-A334AAB8CF6A}.Release|Any CPU.Build.0 = Release|Any CPU
	EndGlobalSection
	GlobalSection(SolutionProperties) = preSolution
		HideSolutionNode = FALSE
	EndGlobalSection
	GlobalSection(ExtensibilityGlobals) = postSolution
		SolutionGuid = {FDCE65F0-E10A-4841-B2F3-F68F0C2054EF}
	EndGlobalSection
EndGlobal
